
Microsoft Visual Studio Solution File, Format Version 12.00
# Visual Studio Version 17
VisualStudioVersion = 17.4.33213.308
MinimumVisualStudioVersion = 10.0.40219.1
Project("{FAE04EC0-301F-11D3-BF4B-00C04F79EFBC}") = "CSharpCodeRecipeCollection", "CSharpCodeRecipeCollection\CSharpCodeRecipeCollection.csproj", "{A6942A7B-9CBF-4222-8D89-AF879DEBE47D}"
EndProject
Project("{FAE04EC0-301F-11D3-BF4B-00C04F79EFBC}") = "EventSample", "EventSample\EventSample.csproj", "{FC40D576-2972-482E-86AF-28DCF2F9FB42}"
EndProject
Global
	GlobalSection(SolutionConfigurationPlatforms) = preSolution
		Debug|Any CPU = Debug|Any CPU
		Release|Any CPU = Release|Any CPU
	EndGlobalSection
	GlobalSection(ProjectConfigurationPlatforms) = postSolution
		{A6942A7B-9CBF-4222-8D89-AF879DEBE47D}.Debug|Any CPU.ActiveCfg = Debug|Any CPU
		{A6942A7B-9CBF-4222-8D89-AF879DEBE47D}.Debug|Any CPU.Build.0 = Debug|Any CPU
		{A6942A7B-9CBF-4222-8D89-AF879DEBE47D}.Release|Any CPU.ActiveCfg = Release|Any CPU
		{A6942A7B-9CBF-4222-8D89-AF879DEBE47D}.Release|Any CPU.Build.0 = Release|Any CPU
		{FC40D576-2972-482E-86AF-28DCF2F9FB42}.Debug|Any CPU.ActiveCfg = Debug|Any CPU
		{FC40D576-2972-482E-86AF-28DCF2F9FB42}.Debug|Any CPU.Build.0 = Debug|Any CPU
		{FC40D576-2972-482E-86AF-28DCF2F9FB42}.Release|Any CPU.ActiveCfg = Release|Any CPU
		{FC40D576-2972-482E-86AF-28DCF2F9FB42}.Release|Any CPU.Build.0 = Release|Any CPU
	EndGlobalSection
	GlobalSection(SolutionProperties) = preSolution
		HideSolutionNode = FALSE
	EndGlobalSection
	GlobalSection(ExtensibilityGlobals) = postSolution
		SolutionGuid = {648F2C0E-11E5-4791-84AB-34AC799CB847}
	EndGlobalSection
EndGlobal
